
Microsoft Visual Studio Solution File, Format Version 12.00
# Visual Studio 14
VisualStudioVersion = 14.0.24720.0
MinimumVisualStudioVersion = 10.0.40219.1
Project("{8BC9CEB8-8B4A-11D0-8D11-00A0C91BC942}") = "pp2_dining_philosophers", "pp2_dining_philosophers\pp2_dining_philosophers.vcxproj", "{057B8D6C-9F20-4A5C-A914-4ED4F106B9DC}"
EndProject
Project("{8BC9CEB8-8B4A-11D0-8D11-00A0C91BC942}") = "pp2_mpi_version", "pp2_mpi_version\pp2_mpi_version.vcxproj", "{7DCF4A61-5761-40BF-A732-9A9E73E3A9FB}"
EndProject
Project("{8BC9CEB8-8B4A-11D0-8D11-00A0C91BC942}") = "dph_mpi_version2", "dph_mpi_version2\dph_mpi_version2.vcxproj", "{601E8E2E-91B7-4D71-91D1-5D71A299FE9C}"
EndProject
Project("{8BC9CEB8-8B4A-11D0-8D11-00A0C91BC942}") = "pp2_final", "pp2_final\pp2_final.vcxproj", "{97EDCBCF-B218-4C65-ADA4-AC5F0D778B5A}"
EndProject
Global
	GlobalSection(SolutionConfigurationPlatforms) = preSolution
		Debug|x64 = Debug|x64
		Debug|x86 = Debug|x86
		Release|x64 = Release|x64
		Release|x86 = Release|x86
	EndGlobalSection
	GlobalSection(ProjectConfigurationPlatforms) = postSolution
		{057B8D6C-9F20-4A5C-A914-4ED4F106B9DC}.Debug|x64.ActiveCfg = Debug|x64
		{057B8D6C-9F20-4A5C-A914-4ED4F106B9DC}.Debug|x64.Build.0 = Debug|x64
		{057B8D6C-9F20-4A5C-A914-4ED4F106B9DC}.Debug|x86.ActiveCfg = Debug|Win32
		{057B8D6C-9F20-4A5C-A914-4ED4F106B9DC}.Debug|x86.Build.0 = Debug|Win32
		{057B8D6C-9F20-4A5C-A914-4ED4F106B9DC}.Release|x64.ActiveCfg = Release|x64
		{057B8D6C-9F20-4A5C-A914-4ED4F106B9DC}.Release|x64.Build.0 = Release|x64
		{057B8D6C-9F20-4A5C-A914-4ED4F106B9DC}.Release|x86.ActiveCfg = Release|Win32
		{057B8D6C-9F20-4A5C-A914-4ED4F106B9DC}.Release|x86.Build.0 = Release|Win32
		{7DCF4A61-5761-40BF-A732-9A9E73E3A9FB}.Debug|x64.ActiveCfg = Debug|x64
		{7DCF4A61-5761-40BF-A732-9A9E73E3A9FB}.Debug|x64.Build.0 = Debug|x64
		{7DCF4A61-5761-40BF-A732-9A9E73E3A9FB}.Debug|x86.ActiveCfg = Debug|Win32
		{7DCF4A61-5761-40BF-A732-9A9E73E3A9FB}.Debug|x86.Build.0 = Debug|Win32
		{7DCF4A61-5761-40BF-A732-9A9E73E3A9FB}.Release|x64.ActiveCfg = Release|x64
		{7DCF4A61-5761-40BF-A732-9A9E73E3A9FB}.Release|x64.Build.0 = Release|x64
		{7DCF4A61-5761-40BF-A732-9A9E73E3A9FB}.Release|x86.ActiveCfg = Release|Win32
		{7DCF4A61-5761-40BF-A732-9A9E73E3A9FB}.Release|x86.Build.0 = Release|Win32
		{601E8E2E-91B7-4D71-91D1-5D71A299FE9C}.Debug|x64.ActiveCfg = Debug|x64
		{601E8E2E-91B7-4D71-91D1-5D71A299FE9C}.Debug|x64.Build.0 = Debug|x64
		{601E8E2E-91B7-4D71-91D1-5D71A299FE9C}.Debug|x86.ActiveCfg = Debug|Win32
		{601E8E2E-91B7-4D71-91D1-5D71A299FE9C}.Debug|x86.Build.0 = Debug|Win32
		{601E8E2E-91B7-4D71-91D1-5D71A299FE9C}.Release|x64.ActiveCfg = Release|x64
		{601E8E2E-91B7-4D71-91D1-5D71A299FE9C}.Release|x64.Build.0 = Release|x64
		{601E8E2E-91B7-4D71-91D1-5D71A299FE9C}.Release|x86.ActiveCfg = Release|Win32
		{601E8E2E-91B7-4D71-91D1-5D71A299FE9C}.Release|x86.Build.0 = Release|Win32
		{97EDCBCF-B218-4C65-ADA4-AC5F0D778B5A}.Debug|x64.ActiveCfg = Debug|x64
		{97EDCBCF-B218-4C65-ADA4-AC5F0D778B5A}.Debug|x64.Build.0 = Debug|x64
		{97EDCBCF-B218-4C65-ADA4-AC5F0D778B5A}.Debug|x86.ActiveCfg = Debug|Win32
		{97EDCBCF-B218-4C65-ADA4-AC5F0D778B5A}.Debug|x86.Build.0 = Debug|Win32
		{97EDCBCF-B218-4C65-ADA4-AC5F0D778B5A}.Release|x64.ActiveCfg = Release|x64
		{97EDCBCF-B218-4C65-ADA4-AC5F0D778B5A}.Release|x64.Build.0 = Release|x64
		{97EDCBCF-B218-4C65-ADA4-AC5F0D778B5A}.Release|x86.ActiveCfg = Release|Win32
		{97EDCBCF-B218-4C65-ADA4-AC5F0D778B5A}.Release|x86.Build.0 = Release|Win32
	EndGlobalSection
	GlobalSection(SolutionProperties) = preSolution
		HideSolutionNode = FALSE
	EndGlobalSection
EndGlobal
